
Microsoft Visual Studio Solution File, Format Version 12.00
# Visual Studio 15
VisualStudioVersion = 15.0.27130.2010
MinimumVisualStudioVersion = 10.0.40219.1
Project("{FAE04EC0-301F-11D3-BF4B-00C04F79EFBC}") = "Farmacia", "Farmacia\Farmacia.csproj", "{C87AB30D-7F03-40A2-A7CE-2A21A5096624}"
EndProject
Global
	GlobalSection(SolutionConfigurationPlatforms) = preSolution
		Debug|Any CPU = Debug|Any CPU
		Release|Any CPU = Release|Any CPU
	EndGlobalSection
	GlobalSection(ProjectConfigurationPlatforms) = postSolution
		{C87AB30D-7F03-40A2-A7CE-2A21A5096624}.Debug|Any CPU.ActiveCfg = Debug|Any CPU
		{C87AB30D-7F03-40A2-A7CE-2A21A5096624}.Debug|Any CPU.Build.0 = Debug|Any CPU
		{C87AB30D-7F03-40A2-A7CE-2A21A5096624}.Release|Any CPU.ActiveCfg = Release|Any CPU
		{C87AB30D-7F03-40A2-A7CE-2A21A5096624}.Release|Any CPU.Build.0 = Release|Any CPU
	EndGlobalSection
	GlobalSection(SolutionProperties) = preSolution
		HideSolutionNode = FALSE
	EndGlobalSection
	GlobalSection(ExtensibilityGlobals) = postSolution
		SolutionGuid = {4694827E-37A8-46E3-9E4D-C94DA47E2453}
	EndGlobalSection
EndGlobal
